
Microsoft Visual Studio Solution File, Format Version 12.00
# Visual Studio 15
VisualStudioVersion = 15.0.28010.2003
MinimumVisualStudioVersion = 10.0.40219.1
Project("{FAE04EC0-301F-11D3-BF4B-00C04F79EFBC}") = "VanEppsProject3A", "VanEppsProject3A\VanEppsProject3A.csproj", "{D697EB20-2CEC-4983-A513-C957DD32024D}"
EndProject
Global
	GlobalSection(SolutionConfigurationPlatforms) = preSolution
		Debug|Any CPU = Debug|Any CPU
		Release|Any CPU = Release|Any CPU
	EndGlobalSection
	GlobalSection(ProjectConfigurationPlatforms) = postSolution
		{D697EB20-2CEC-4983-A513-C957DD32024D}.Debug|Any CPU.ActiveCfg = Debug|Any CPU
		{D697EB20-2CEC-4983-A513-C957DD32024D}.Debug|Any CPU.Build.0 = Debug|Any CPU
		{D697EB20-2CEC-4983-A513-C957DD32024D}.Release|Any CPU.ActiveCfg = Release|Any CPU
		{D697EB20-2CEC-4983-A513-C957DD32024D}.Release|Any CPU.Build.0 = Release|Any CPU
	EndGlobalSection
	GlobalSection(SolutionProperties) = preSolution
		HideSolutionNode = FALSE
	EndGlobalSection
	GlobalSection(ExtensibilityGlobals) = postSolution
		SolutionGuid = {4C313DAD-67E6-4438-A3E2-991333C3522D}
	EndGlobalSection
EndGlobal
